
Microsoft Visual Studio Solution File, Format Version 12.00
# Visual Studio Version 17
VisualStudioVersion = 17.9.34701.34
MinimumVisualStudioVersion = 10.0.40219.1
Project("{9A19103F-16F7-4668-BE54-9A1E7A4F7556}") = "Tcc.Identity.Api", "src\Tcc.Identity.Api\Tcc.Identity.Api.csproj", "{96013357-B9CC-4CA4-9CE1-D847C5EAA3A1}"
EndProject
Project("{2150E333-8FDC-42A3-9474-1A3956D46DE8}") = "src", "src", "{4B309074-0FA6-46E1-97E4-4A0393CDC4F3}"
EndProject
Project("{9A19103F-16F7-4668-BE54-9A1E7A4F7556}") = "Tcc.Identity.Application", "src\Tcc.Identity.Application\Tcc.Identity.Application.csproj", "{956E8BA3-797E-4DB5-96C2-8ABB4C24CCED}"
EndProject
Project("{9A19103F-16F7-4668-BE54-9A1E7A4F7556}") = "Tcc.Identity.Core", "src\Tcc.Identity.Core\Tcc.Identity.Core.csproj", "{9884E1B6-9464-420B-AD82-D8FA58AD38FF}"
EndProject
Project("{9A19103F-16F7-4668-BE54-9A1E7A4F7556}") = "Tcc.Identity.DataAccess", "src\Tcc.Identity.DataAccess\Tcc.Identity.DataAccess.csproj", "{7E4283CA-0ADC-460D-A5DD-8338761481C7}"
EndProject
Project("{2150E333-8FDC-42A3-9474-1A3956D46DE8}") = "tests", "tests", "{600DD34B-46A5-46FF-8D97-A062891779A2}"
EndProject
Project("{9A19103F-16F7-4668-BE54-9A1E7A4F7556}") = "Tcc.Identity.Shared", "src\Tcc.Identity.Shared\Tcc.Identity.Shared.csproj", "{514BA568-8A07-46E3-B037-6A0421A77ED4}"
EndProject
Project("{9A19103F-16F7-4668-BE54-9A1E7A4F7556}") = "Tcc.Identity.Api.IntegrationTests", "tests\Tcc.Identity.Api.IntegrationTests\Tcc.Identity.Api.IntegrationTests.csproj", "{98628108-DF7B-490E-B6EF-19B3B335A85D}"
EndProject
Project("{9A19103F-16F7-4668-BE54-9A1E7A4F7556}") = "Tcc.Identity.Application.UnitTests", "tests\Tcc.Identity.Application.UnitTests\Tcc.Identity.Application.UnitTests.csproj", "{18E4E45C-FEBC-417F-978E-CB8F9B71EB65}"
EndProject
Project("{E53339B2-1760-4266-BCC7-CA923CBCF16C}") = "docker-compose", "docker-compose.dcproj", "{950190B0-BAC6-4112-A1B9-C08896DBFC87}"
EndProject
Global
	GlobalSection(SolutionConfigurationPlatforms) = preSolution
		Debug|Any CPU = Debug|Any CPU
		Release|Any CPU = Release|Any CPU
	EndGlobalSection
	GlobalSection(ProjectConfigurationPlatforms) = postSolution
		{96013357-B9CC-4CA4-9CE1-D847C5EAA3A1}.Debug|Any CPU.ActiveCfg = Debug|Any CPU
		{96013357-B9CC-4CA4-9CE1-D847C5EAA3A1}.Debug|Any CPU.Build.0 = Debug|Any CPU
		{96013357-B9CC-4CA4-9CE1-D847C5EAA3A1}.Release|Any CPU.ActiveCfg = Release|Any CPU
		{96013357-B9CC-4CA4-9CE1-D847C5EAA3A1}.Release|Any CPU.Build.0 = Release|Any CPU
		{956E8BA3-797E-4DB5-96C2-8ABB4C24CCED}.Debug|Any CPU.ActiveCfg = Debug|Any CPU
		{956E8BA3-797E-4DB5-96C2-8ABB4C24CCED}.Debug|Any CPU.Build.0 = Debug|Any CPU
		{956E8BA3-797E-4DB5-96C2-8ABB4C24CCED}.Release|Any CPU.ActiveCfg = Release|Any CPU
		{956E8BA3-797E-4DB5-96C2-8ABB4C24CCED}.Release|Any CPU.Build.0 = Release|Any CPU
		{9884E1B6-9464-420B-AD82-D8FA58AD38FF}.Debug|Any CPU.ActiveCfg = Debug|Any CPU
		{9884E1B6-9464-420B-AD82-D8FA58AD38FF}.Debug|Any CPU.Build.0 = Debug|Any CPU
		{9884E1B6-9464-420B-AD82-D8FA58AD38FF}.Release|Any CPU.ActiveCfg = Release|Any CPU
		{9884E1B6-9464-420B-AD82-D8FA58AD38FF}.Release|Any CPU.Build.0 = Release|Any CPU
		{7E4283CA-0ADC-460D-A5DD-8338761481C7}.Debug|Any CPU.ActiveCfg = Debug|Any CPU
		{7E4283CA-0ADC-460D-A5DD-8338761481C7}.Debug|Any CPU.Build.0 = Debug|Any CPU
		{7E4283CA-0ADC-460D-A5DD-8338761481C7}.Release|Any CPU.ActiveCfg = Release|Any CPU
		{7E4283CA-0ADC-460D-A5DD-8338761481C7}.Release|Any CPU.Build.0 = Release|Any CPU
		{514BA568-8A07-46E3-B037-6A0421A77ED4}.Debug|Any CPU.ActiveCfg = Debug|Any CPU
		{514BA568-8A07-46E3-B037-6A0421A77ED4}.Debug|Any CPU.Build.0 = Debug|Any CPU
		{514BA568-8A07-46E3-B037-6A0421A77ED4}.Release|Any CPU.ActiveCfg = Release|Any CPU
		{514BA568-8A07-46E3-B037-6A0421A77ED4}.Release|Any CPU.Build.0 = Release|Any CPU
		{98628108-DF7B-490E-B6EF-19B3B335A85D}.Debug|Any CPU.ActiveCfg = Debug|Any CPU
		{98628108-DF7B-490E-B6EF-19B3B335A85D}.Debug|Any CPU.Build.0 = Debug|Any CPU
		{98628108-DF7B-490E-B6EF-19B3B335A85D}.Release|Any CPU.ActiveCfg = Release|Any CPU
		{98628108-DF7B-490E-B6EF-19B3B335A85D}.Release|Any CPU.Build.0 = Release|Any CPU
		{18E4E45C-FEBC-417F-978E-CB8F9B71EB65}.Debug|Any CPU.ActiveCfg = Debug|Any CPU
		{18E4E45C-FEBC-417F-978E-CB8F9B71EB65}.Debug|Any CPU.Build.0 = Debug|Any CPU
		{18E4E45C-FEBC-417F-978E-CB8F9B71EB65}.Release|Any CPU.ActiveCfg = Release|Any CPU
		{18E4E45C-FEBC-417F-978E-CB8F9B71EB65}.Release|Any CPU.Build.0 = Release|Any CPU
		{950190B0-BAC6-4112-A1B9-C08896DBFC87}.Debug|Any CPU.ActiveCfg = Debug|Any CPU
		{950190B0-BAC6-4112-A1B9-C08896DBFC87}.Debug|Any CPU.Build.0 = Debug|Any CPU
		{950190B0-BAC6-4112-A1B9-C08896DBFC87}.Release|Any CPU.ActiveCfg = Release|Any CPU
		{950190B0-BAC6-4112-A1B9-C08896DBFC87}.Release|Any CPU.Build.0 = Release|Any CPU
	EndGlobalSection
	GlobalSection(SolutionProperties) = preSolution
		HideSolutionNode = FALSE
	EndGlobalSection
	GlobalSection(NestedProjects) = preSolution
		{96013357-B9CC-4CA4-9CE1-D847C5EAA3A1} = {4B309074-0FA6-46E1-97E4-4A0393CDC4F3}
		{956E8BA3-797E-4DB5-96C2-8ABB4C24CCED} = {4B309074-0FA6-46E1-97E4-4A0393CDC4F3}
		{9884E1B6-9464-420B-AD82-D8FA58AD38FF} = {4B309074-0FA6-46E1-97E4-4A0393CDC4F3}
		{7E4283CA-0ADC-460D-A5DD-8338761481C7} = {4B309074-0FA6-46E1-97E4-4A0393CDC4F3}
		{514BA568-8A07-46E3-B037-6A0421A77ED4} = {4B309074-0FA6-46E1-97E4-4A0393CDC4F3}
		{98628108-DF7B-490E-B6EF-19B3B335A85D} = {600DD34B-46A5-46FF-8D97-A062891779A2}
		{18E4E45C-FEBC-417F-978E-CB8F9B71EB65} = {600DD34B-46A5-46FF-8D97-A062891779A2}
	EndGlobalSection
	GlobalSection(ExtensibilityGlobals) = postSolution
		SolutionGuid = {A3BF1350-480D-4A0C-A786-639E7295148F}
	EndGlobalSection
EndGlobal
